
Microsoft Visual Studio Solution File, Format Version 12.00
# Visual Studio Version 17
VisualStudioVersion = 17.14.37301.10
MinimumVisualStudioVersion = 10.0.40219.1
Project("{FAE04EC0-301F-11D3-BF4B-00C04F79EFBC}") = "TasksScheduler", "TasksScheduler\TasksScheduler.csproj", "{F426A1C3-B104-4F40-8484-005202659B49}"
EndProject
Project("{FAE04EC0-301F-11D3-BF4B-00C04F79EFBC}") = "TasksSchedulerData", "TasksSchedulerData\TasksSchedulerData.csproj", "{19530E75-931D-48C5-AFDF-399393BEF53D}"
EndProject
Project("{FAE04EC0-301F-11D3-BF4B-00C04F79EFBC}") = "TasksSchedulerDataTests", "TasksSchedulerDataTests\TasksSchedulerDataTests.csproj", "{264CFE21-65D6-4163-B35A-CE0FF5F44E3C}"
EndProject
Global
	GlobalSection(SolutionConfigurationPlatforms) = preSolution
		Debug|Any CPU = Debug|Any CPU
		Release|Any CPU = Release|Any CPU
	EndGlobalSection
	GlobalSection(ProjectConfigurationPlatforms) = postSolution
		{F426A1C3-B104-4F40-8484-005202659B49}.Debug|Any CPU.ActiveCfg = Debug|Any CPU
		{F426A1C3-B104-4F40-8484-005202659B49}.Debug|Any CPU.Build.0 = Debug|Any CPU
		{F426A1C3-B104-4F40-8484-005202659B49}.Release|Any CPU.ActiveCfg = Release|Any CPU
		{F426A1C3-B104-4F40-8484-005202659B49}.Release|Any CPU.Build.0 = Release|Any CPU
		{19530E75-931D-48C5-AFDF-399393BEF53D}.Debug|Any CPU.ActiveCfg = Debug|Any CPU
		{19530E75-931D-48C5-AFDF-399393BEF53D}.Debug|Any CPU.Build.0 = Debug|Any CPU
		{19530E75-931D-48C5-AFDF-399393BEF53D}.Release|Any CPU.ActiveCfg = Release|Any CPU
		{19530E75-931D-48C5-AFDF-399393BEF53D}.Release|Any CPU.Build.0 = Release|Any CPU
		{264CFE21-65D6-4163-B35A-CE0FF5F44E3C}.Debug|Any CPU.ActiveCfg = Debug|Any CPU
		{264CFE21-65D6-4163-B35A-CE0FF5F44E3C}.Debug|Any CPU.Build.0 = Debug|Any CPU
		{264CFE21-65D6-4163-B35A-CE0FF5F44E3C}.Release|Any CPU.ActiveCfg = Release|Any CPU
		{264CFE21-65D6-4163-B35A-CE0FF5F44E3C}.Release|Any CPU.Build.0 = Release|Any CPU
	EndGlobalSection
	GlobalSection(SolutionProperties) = preSolution
		HideSolutionNode = FALSE
	EndGlobalSection
	GlobalSection(ExtensibilityGlobals) = postSolution
		SolutionGuid = {7FE894A4-3272-41FE-A213-D3C3836F2E63}
	EndGlobalSection
EndGlobal
